
Microsoft Visual Studio Solution File, Format Version 12.00
# Visual Studio Version 17
VisualStudioVersion = 17.6.33815.320
MinimumVisualStudioVersion = 10.0.40219.1
Project("{9A19103F-16F7-4668-BE54-9A1E7A4F7556}") = "MeihuaWintryDesktop", "MeihuaWintryDesktop\MeihuaWintryDesktop.csproj", "{B54DA4AD-9BE1-4AFD-B022-6CA55DBDF6C0}"
EndProject
Project("{9A19103F-16F7-4668-BE54-9A1E7A4F7556}") = "MeihuaWintryDesktop.Storaging", "MeihuaWintryDesktop.Storaging\MeihuaWintryDesktop.Storaging.csproj", "{17769B75-CEF4-481D-A263-77F04E60F490}"
EndProject
Project("{9A19103F-16F7-4668-BE54-9A1E7A4F7556}") = "StoragingTest", "StoragingTest\StoragingTest.csproj", "{420845F7-9F09-457A-90DF-DF137DD8EB96}"
EndProject
Project("{9A19103F-16F7-4668-BE54-9A1E7A4F7556}") = "MeihuaWintryDesktop.ViewModelling", "MeihuaWintryDesktop.ViewModelling\MeihuaWintryDesktop.ViewModelling.csproj", "{BE879F06-E663-4612-A93C-9E343A95E29F}"
EndProject
Project("{FAE04EC0-301F-11D3-BF4B-00C04F79EFBC}") = "MeihuaWintryDesktopWpf", "MeihuaWintryDesktopWpf\MeihuaWintryDesktopWpf.csproj", "{9ED9795D-DC92-46FF-AB04-875FD3244DE1}"
EndProject
Global
	GlobalSection(SolutionConfigurationPlatforms) = preSolution
		Debug|Any CPU = Debug|Any CPU
		Release|Any CPU = Release|Any CPU
	EndGlobalSection
	GlobalSection(ProjectConfigurationPlatforms) = postSolution
		{B54DA4AD-9BE1-4AFD-B022-6CA55DBDF6C0}.Debug|Any CPU.ActiveCfg = Debug|Any CPU
		{B54DA4AD-9BE1-4AFD-B022-6CA55DBDF6C0}.Debug|Any CPU.Build.0 = Debug|Any CPU
		{B54DA4AD-9BE1-4AFD-B022-6CA55DBDF6C0}.Release|Any CPU.ActiveCfg = Release|Any CPU
		{B54DA4AD-9BE1-4AFD-B022-6CA55DBDF6C0}.Release|Any CPU.Build.0 = Release|Any CPU
		{17769B75-CEF4-481D-A263-77F04E60F490}.Debug|Any CPU.ActiveCfg = Debug|Any CPU
		{17769B75-CEF4-481D-A263-77F04E60F490}.Debug|Any CPU.Build.0 = Debug|Any CPU
		{17769B75-CEF4-481D-A263-77F04E60F490}.Release|Any CPU.ActiveCfg = Release|Any CPU
		{17769B75-CEF4-481D-A263-77F04E60F490}.Release|Any CPU.Build.0 = Release|Any CPU
		{420845F7-9F09-457A-90DF-DF137DD8EB96}.Debug|Any CPU.ActiveCfg = Debug|Any CPU
		{420845F7-9F09-457A-90DF-DF137DD8EB96}.Debug|Any CPU.Build.0 = Debug|Any CPU
		{420845F7-9F09-457A-90DF-DF137DD8EB96}.Release|Any CPU.ActiveCfg = Release|Any CPU
		{420845F7-9F09-457A-90DF-DF137DD8EB96}.Release|Any CPU.Build.0 = Release|Any CPU
		{BE879F06-E663-4612-A93C-9E343A95E29F}.Debug|Any CPU.ActiveCfg = Debug|Any CPU
		{BE879F06-E663-4612-A93C-9E343A95E29F}.Debug|Any CPU.Build.0 = Debug|Any CPU
		{BE879F06-E663-4612-A93C-9E343A95E29F}.Release|Any CPU.ActiveCfg = Release|Any CPU
		{BE879F06-E663-4612-A93C-9E343A95E29F}.Release|Any CPU.Build.0 = Release|Any CPU
		{9ED9795D-DC92-46FF-AB04-875FD3244DE1}.Debug|Any CPU.ActiveCfg = Debug|Any CPU
		{9ED9795D-DC92-46FF-AB04-875FD3244DE1}.Debug|Any CPU.Build.0 = Debug|Any CPU
		{9ED9795D-DC92-46FF-AB04-875FD3244DE1}.Release|Any CPU.ActiveCfg = Release|Any CPU
		{9ED9795D-DC92-46FF-AB04-875FD3244DE1}.Release|Any CPU.Build.0 = Release|Any CPU
	EndGlobalSection
	GlobalSection(SolutionProperties) = preSolution
		HideSolutionNode = FALSE
	EndGlobalSection
	GlobalSection(ExtensibilityGlobals) = postSolution
		SolutionGuid = {5924612E-FB1F-495B-ACB8-505A17A0C504}
	EndGlobalSection
EndGlobal
